// !$*UTF8*$!
{
	archiveVersion = 1;
	classes = {
	};
	objectVersion = 46;
	objects = {

/* Begin PBXBuildFile section */
		188D664B4FEFBFD3D546C1A0 /* Pods_Facebook_Login_ShowcaseTests.framework in Frameworks */ = {isa = PBXBuildFile; fileRef = 07064B27376F7A40D8AAEE44 /* Pods_Facebook_Login_ShowcaseTests.framework */; };
		29C182601EBF364100A00868 /* AppDelegate.swift in Sources */ = {isa = PBXBuildFile; fileRef = 29C1825F1EBF364100A00868 /* AppDelegate.swift */; };
		29C182621EBF364100A00868 /* ViewController.swift in Sources */ = {isa = PBXBuildFile; fileRef = 29C182611EBF364100A00868 /* ViewController.swift */; };
		29C182651EBF364100A00868 /* Main.storyboard in Resources */ = {isa = PBXBuildFile; fileRef = 29C182631EBF364100A00868 /* Main.storyboard */; };
		29C182671EBF364100A00868 /* Assets.xcassets in Resources */ = {isa = PBXBuildFile; fileRef = 29C182661EBF364100A00868 /* Assets.xcassets */; };
		29C1826A1EBF364100A00868 /* LaunchScreen.storyboard in Resources */ = {isa = PBXBuildFile; fileRef = 29C182681EBF364100A00868 /* LaunchScreen.storyboard */; };
		29C182751EBF364100A00868 /* Facebook_Login_ShowcaseTests.swift in Sources */ = {isa = PBXBuildFile; fileRef = 29C182741EBF364100A00868 /* Facebook_Login_ShowcaseTests.swift */; };
		29C182801EBF364100A00868 /* Facebook_Login_ShowcaseUITests.swift in Sources */ = {isa = PBXBuildFile; fileRef = 29C1827F1EBF364100A00868 /* Facebook_Login_ShowcaseUITests.swift */; };
		29C1828E1EBF37D600A00868 /* GoogleService-Info.plist in Resources */ = {isa = PBXBuildFile; fileRef = 29C1828D1EBF37D600A00868 /* GoogleService-Info.plist */; };
		29C182901EBF3F4C00A00868 /* FBSDKCoreKit.framework in Frameworks */ = {isa = PBXBuildFile; fileRef = 29C1828F1EBF3F4C00A00868 /* FBSDKCoreKit.framework */; };
		29C182921EBF3F8800A00868 /* FBSDKCoreKit.framework in Frameworks */ = {isa = PBXBuildFile; fileRef = 29C182911EBF3F8800A00868 /* FBSDKCoreKit.framework */; };
		29C182941EBF3FC800A00868 /* Bolts.framework in Frameworks */ = {isa = PBXBuildFile; fileRef = 29C182931EBF3FC800A00868 /* Bolts.framework */; };
		29C182961EBF3FEA00A00868 /* FBSDKLoginKit.framework in Frameworks */ = {isa = PBXBuildFile; fileRef = 29C182951EBF3FEA00A00868 /* FBSDKLoginKit.framework */; };
		29C182981EBF3FF400A00868 /* FBSDKShareKit.framework in Frameworks */ = {isa = PBXBuildFile; fileRef = 29C182971EBF3FF400A00868 /* FBSDKShareKit.framework */; };
		A9D1BEB24EB922B61AFAD0F9 /* Pods_Facebook_Login_ShowcaseUITests.framework in Frameworks */ = {isa = PBXBuildFile; fileRef = B38B6E85DA8A30D07F7DEE1D /* Pods_Facebook_Login_ShowcaseUITests.framework */; };
		BC9B0C0165FAEC14A976241C /* Pods_Facebook_Login_Showcase.framework in Frameworks */ = {isa = PBXBuildFile; fileRef = 313D9F729C1919076BC8C817 /* Pods_Facebook_Login_Showcase.framework */; };
/* End PBXBuildFile section */

/* Begin PBXContainerItemProxy section */
		29C182711EBF364100A00868 /* PBXContainerItemProxy */ = {
			isa = PBXContainerItemProxy;
			containerPortal = 29C182541EBF364100A00868 /* Project object */;
			proxyType = 1;
			remoteGlobalIDString = 29C1825B1EBF364100A00868;
			remoteInfo = Facebook_Login_Showcase;
		};
		29C1827C1EBF364100A00868 /* PBXContainerItemProxy */ = {
			isa = PBXContainerItemProxy;
			containerPortal = 29C182541EBF364100A00868 /* Project object */;
			proxyType = 1;
			remoteGlobalIDString = 29C1825B1EBF364100A00868;
			remoteInfo = Facebook_Login_Showcase;
		};
/* End PBXContainerItemProxy section */

/* Begin PBXFileReference section */
		07064B27376F7A40D8AAEE44 /* Pods_Facebook_Login_ShowcaseTests.framework */ = {isa = PBXFileReference; explicitFileType = wrapper.framework; includeInIndex = 0; path = Pods_Facebook_Login_ShowcaseTests.framework; sourceTree = BUILT_PRODUCTS_DIR; };
		096DF4A0E7A8C5252CF61ABF /* Pods-Facebook_Login_ShowcaseTests.release.xcconfig */ = {isa = PBXFileReference; includeInIndex = 1; lastKnownFileType = text.xcconfig; name = "Pods-Facebook_Login_ShowcaseTests.release.xcconfig"; path = "Pods/Target Support Files/Pods-Facebook_Login_ShowcaseTests/Pods-Facebook_Login_ShowcaseTests.release.xcconfig"; sourceTree = "<group>"; };
		1FE6E63C0F8E94A3EAF5C94A /* Pods-Facebook_Login_ShowcaseUITests.debug.xcconfig */ = {isa = PBXFileReference; includeInIndex = 1; lastKnownFileType = text.xcconfig; name = "Pods-Facebook_Login_ShowcaseUITests.debug.xcconfig"; path = "Pods/Target Support Files/Pods-Facebook_Login_ShowcaseUITests/Pods-Facebook_Login_ShowcaseUITests.debug.xcconfig"; sourceTree = "<group>"; };
		29C1825C1EBF364100A00868 /* Facebook_Login_Showcase.app */ = {isa = PBXFileReference; explicitFileType = wrapper.application; includeInIndex = 0; path = Facebook_Login_Showcase.app; sourceTree = BUILT_PRODUCTS_DIR; };
		29C1825F1EBF364100A00868 /* AppDelegate.swift */ = {isa = PBXFileReference; lastKnownFileType = sourcecode.swift; path = AppDelegate.swift; sourceTree = "<group>"; };
		29C182611EBF364100A00868 /* ViewController.swift */ = {isa = PBXFileReference; lastKnownFileType = sourcecode.swift; path = ViewController.swift; sourceTree = "<group>"; };
		29C182641EBF364100A00868 /* Base */ = {isa = PBXFileReference; lastKnownFileType = file.storyboard; name = Base; path = Base.lproj/Main.storyboard; sourceTree = "<group>"; };
		29C182661EBF364100A00868 /* Assets.xcassets */ = {isa = PBXFileReference; lastKnownFileType = folder.assetcatalog; path = Assets.xcassets; sourceTree = "<group>"; };
		29C182691EBF364100A00868 /* Base */ = {isa = PBXFileReference; lastKnownFileType = file.storyboard; name = Base; path = Base.lproj/LaunchScreen.storyboard; sourceTree = "<group>"; };
		29C1826B1EBF364100A00868 /* Info.plist */ = {isa = PBXFileReference; lastKnownFileType = text.plist.xml; path = Info.plist; sourceTree = "<group>"; };
		29C182701EBF364100A00868 /* Facebook_Login_ShowcaseTests.xctest */ = {isa = PBXFileReference; explicitFileType = wrapper.cfbundle; includeInIndex = 0; path = Facebook_Login_ShowcaseTests.xctest; sourceTree = BUILT_PRODUCTS_DIR; };
		29C182741EBF364100A00868 /* Facebook_Login_ShowcaseTests.swift */ = {isa = PBXFileReference; lastKnownFileType = sourcecode.swift; path = Facebook_Login_ShowcaseTests.swift; sourceTree = "<group>"; };
		29C182761EBF364100A00868 /* Info.plist */ = {isa = PBXFileReference; lastKnownFileType = text.plist.xml; path = Info.plist; sourceTree = "<group>"; };
		29C1827B1EBF364100A00868 /* Facebook_Login_ShowcaseUITests.xctest */ = {isa = PBXFileReference; explicitFileType = wrapper.cfbundle; includeInIndex = 0; path = Facebook_Login_ShowcaseUITests.xctest; sourceTree = BUILT_PRODUCTS_DIR; };
		29C1827F1EBF364100A00868 /* Facebook_Login_ShowcaseUITests.swift */ = {isa = PBXFileReference; lastKnownFileType = sourcecode.swift; path = Facebook_Login_ShowcaseUITests.swift; sourceTree = "<group>"; };
		29C182811EBF364100A00868 /* Info.plist */ = {isa = PBXFileReference; lastKnownFileType = text.plist.xml; path = Info.plist; sourceTree = "<group>"; };
		29C1828D1EBF37D600A00868 /* GoogleService-Info.plist */ = {isa = PBXFileReference; fileEncoding = 4; lastKnownFileType = text.plist.xml; name = "GoogleService-Info.plist"; path = "../../../Downloads/GoogleService-Info.plist"; sourceTree = "<group>"; };
		29C1828F1EBF3F4C00A00868 /* FBSDKCoreKit.framework */ = {isa = PBXFileReference; lastKnownFileType = wrapper.framework; name = FBSDKCoreKit.framework; path = "../../Documents/FacebookSDKs-iOS-4/FBSDKCoreKit.framework"; sourceTree = "<group>"; };
		29C182911EBF3F8800A00868 /* FBSDKCoreKit.framework */ = {isa = PBXFileReference; lastKnownFileType = wrapper.framework; name = FBSDKCoreKit.framework; path = "../../Documents/FacebookSDKs-iOS-4/FBSDKCoreKit.framework"; sourceTree = "<group>"; };
		29C182931EBF3FC800A00868 /* Bolts.framework */ = {isa = PBXFileReference; lastKnownFileType = wrapper.framework; name = Bolts.framework; path = "../../Documents/FacebookSDKs-iOS-4/Bolts.framework"; sourceTree = "<group>"; };
		29C182951EBF3FEA00A00868 /* FBSDKLoginKit.framework */ = {isa = PBXFileReference; lastKnownFileType = wrapper.framework; name = FBSDKLoginKit.framework; path = "../../Documents/FacebookSDKs-iOS-4/FBSDKLoginKit.framework"; sourceTree = "<group>"; };
		29C182971EBF3FF400A00868 /* FBSDKShareKit.framework */ = {isa = PBXFileReference; lastKnownFileType = wrapper.framework; name = FBSDKShareKit.framework; path = "../../Documents/FacebookSDKs-iOS-4/FBSDKShareKit.framework"; sourceTree = "<group>"; };
		313D9F729C1919076BC8C817 /* Pods_Facebook_Login_Showcase.framework */ = {isa = PBXFileReference; explicitFileType = wrapper.framework; includeInIndex = 0; path = Pods_Facebook_Login_Showcase.framework; sourceTree = BUILT_PRODUCTS_DIR; };
		4770ACF188EA987F708CF949 /* Pods-Facebook_Login_ShowcaseUITests.release.xcconfig */ = {isa = PBXFileReference; includeInIndex = 1; lastKnownFileType = text.xcconfig; name = "Pods-Facebook_Login_ShowcaseUITests.release.xcconfig"; path = "Pods/Target Support Files/Pods-Facebook_Login_ShowcaseUITests/Pods-Facebook_Login_ShowcaseUITests.release.xcconfig"; sourceTree = "<group>"; };
		8258D524001CED9451E5565D /* Pods-Facebook_Login_Showcase.release.xcconfig */ = {isa = PBXFileReference; includeInIndex = 1; lastKnownFileType = text.xcconfig; name = "Pods-Facebook_Login_Showcase.release.xcconfig"; path = "Pods/Target Support Files/Pods-Facebook_Login_Showcase/Pods-Facebook_Login_Showcase.release.xcconfig"; sourceTree = "<group>"; };
		B38B6E85DA8A30D07F7DEE1D /* Pods_Facebook_Login_ShowcaseUITests.framework */ = {isa = PBXFileReference; explicitFileType = wrapper.framework; includeInIndex = 0; path = Pods_Facebook_Login_ShowcaseUITests.framework; sourceTree = BUILT_PRODUCTS_DIR; };
		B72592E57FB4B0A90281ED2E /* Pods-Facebook_Login_Showcase.debug.xcconfig */ = {isa = PBXFileReference; includeInIndex = 1; lastKnownFileType = text.xcconfig; name = "Pods-Facebook_Login_Showcase.debug.xcconfig"; path = "Pods/Target Support Files/Pods-Facebook_Login_Showcase/Pods-Facebook_Login_Showcase.debug.xcconfig"; sourceTree = "<group>"; };
		E595F6602EC1DA48A3707387 /* Pods-Facebook_Login_ShowcaseTests.debug.xcconfig */ = {isa = PBXFileReference; includeInIndex = 1; lastKnownFileType = text.xcconfig; name = "Pods-Facebook_Login_ShowcaseTests.debug.xcconfig"; path = "Pods/Target Support Files/Pods-Facebook_Login_ShowcaseTests/Pods-Facebook_Login_ShowcaseTests.debug.xcconfig"; sourceTree = "<group>"; };
/* End PBXFileReference section */

/* Begin PBXFrameworksBuildPhase section */
		29C182591EBF364100A00868 /* Frameworks */ = {
			isa = PBXFrameworksBuildPhase;
			buildActionMask = 2147483647;
			files = (
				BC9B0C0165FAEC14A976241C /* Pods_Facebook_Login_Showcase.framework in Frameworks */,
				29C182921EBF3F8800A00868 /* FBSDKCoreKit.framework in Frameworks */,
				29C182981EBF3FF400A00868 /* FBSDKShareKit.framework in Frameworks */,
				29C182961EBF3FEA00A00868 /* FBSDKLoginKit.framework in Frameworks */,
				29C182901EBF3F4C00A00868 /* FBSDKCoreKit.framework in Frameworks */,
				29C182941EBF3FC800A00868 /* Bolts.framework in Frameworks */,
			);
			runOnlyForDeploymentPostprocessing = 0;
		};
		29C1826D1EBF364100A00868 /* Frameworks */ = {
			isa = PBXFrameworksBuildPhase;
			buildActionMask = 2147483647;
			files = (
				188D664B4FEFBFD3D546C1A0 /* Pods_Facebook_Login_ShowcaseTests.framework in Frameworks */,
			);
			runOnlyForDeploymentPostprocessing = 0;
		};
		29C182781EBF364100A00868 /* Frameworks */ = {
			isa = PBXFrameworksBuildPhase;
			buildActionMask = 2147483647;
			files = (
				A9D1BEB24EB922B61AFAD0F9 /* Pods_Facebook_Login_ShowcaseUITests.framework in Frameworks */,
			);
			runOnlyForDeploymentPostprocessing = 0;
		};
/* End PBXFrameworksBuildPhase section */

/* Begin PBXGroup section */
		29C182531EBF364100A00868 = {
			isa = PBXGroup;
			children = (
				29C1825E1EBF364100A00868 /* Facebook_Login_Showcase */,
				29C182731EBF364100A00868 /* Facebook_Login_ShowcaseTests */,
				29C1827E1EBF364100A00868 /* Facebook_Login_ShowcaseUITests */,
				29C1825D1EBF364100A00868 /* Products */,
				E77ADF4572FDADC019BD607B /* Pods */,
				A15B026E156CFA80A4D12BB4 /* Frameworks */,
			);
			sourceTree = "<group>";
		};
		29C1825D1EBF364100A00868 /* Products */ = {
			isa = PBXGroup;
			children = (
				29C1825C1EBF364100A00868 /* Facebook_Login_Showcase.app */,
				29C182701EBF364100A00868 /* Facebook_Login_ShowcaseTests.xctest */,
				29C1827B1EBF364100A00868 /* Facebook_Login_ShowcaseUITests.xctest */,
			);
			name = Products;
			sourceTree = "<group>";
		};
		29C1825E1EBF364100A00868 /* Facebook_Login_Showcase */ = {
			isa = PBXGroup;
			children = (
				29C1825F1EBF364100A00868 /* AppDelegate.swift */,
				29C182611EBF364100A00868 /* ViewController.swift */,
				29C182631EBF364100A00868 /* Main.storyboard */,
				29C182661EBF364100A00868 /* Assets.xcassets */,
				29C182681EBF364100A00868 /* LaunchScreen.storyboard */,
				29C1828D1EBF37D600A00868 /* GoogleService-Info.plist */,
				29C1826B1EBF364100A00868 /* Info.plist */,
			);
			path = Facebook_Login_Showcase;
			sourceTree = "<group>";
		};
		29C182731EBF364100A00868 /* Facebook_Login_ShowcaseTests */ = {
			isa = PBXGroup;
			children = (
				29C182741EBF364100A00868 /* Facebook_Login_ShowcaseTests.swift */,
				29C182761EBF364100A00868 /* Info.plist */,
			);
			path = Facebook_Login_ShowcaseTests;
			sourceTree = "<group>";
		};
		29C1827E1EBF364100A00868 /* Facebook_Login_ShowcaseUITests */ = {
			isa = PBXGroup;
			children = (
				29C1827F1EBF364100A00868 /* Facebook_Login_ShowcaseUITests.swift */,
				29C182811EBF364100A00868 /* Info.plist */,
			);
			path = Facebook_Login_ShowcaseUITests;
			sourceTree = "<group>";
		};
		A15B026E156CFA80A4D12BB4 /* Frameworks */ = {
			isa = PBXGroup;
			children = (
				313D9F729C1919076BC8C817 /* Pods_Facebook_Login_Showcase.framework */,
				29C182971EBF3FF400A00868 /* FBSDKShareKit.framework */,
				29C182951EBF3FEA00A00868 /* FBSDKLoginKit.framework */,
				29C182931EBF3FC800A00868 /* Bolts.framework */,
				29C182911EBF3F8800A00868 /* FBSDKCoreKit.framework */,
				07064B27376F7A40D8AAEE44 /* Pods_Facebook_Login_ShowcaseTests.framework */,
				B38B6E85DA8A30D07F7DEE1D /* Pods_Facebook_Login_ShowcaseUITests.framework */,
			);
			name = Frameworks;
			sourceTree = "<group>";
		};
		E77ADF4572FDADC019BD607B /* Pods */ = {
			isa = PBXGroup;
			children = (
				29C1828F1EBF3F4C00A00868 /* FBSDKCoreKit.framework */,
				B72592E57FB4B0A90281ED2E /* Pods-Facebook_Login_Showcase.debug.xcconfig */,
				8258D524001CED9451E5565D /* Pods-Facebook_Login_Showcase.release.xcconfig */,
				E595F6602EC1DA48A3707387 /* Pods-Facebook_Login_ShowcaseTests.debug.xcconfig */,
				096DF4A0E7A8C5252CF61ABF /* Pods-Facebook_Login_ShowcaseTests.release.xcconfig */,
				1FE6E63C0F8E94A3EAF5C94A /* Pods-Facebook_Login_ShowcaseUITests.debug.xcconfig */,
				4770ACF188EA987F708CF949 /* Pods-Facebook_Login_ShowcaseUITests.release.xcconfig */,
			);
			name = Pods;
			sourceTree = "<group>";
		};
/* End PBXGroup section */

/* Begin PBXNativeTarget section */
		29C1825B1EBF364100A00868 /* Facebook_Login_Showcase */ = {
			isa = PBXNativeTarget;
			buildConfigurationList = 29C182841EBF364100A00868 /* Build configuration list for PBXNativeTarget "Facebook_Login_Showcase" */;
			buildPhases = (
				5DF0DC547B52FF3E2FC1B708 /* [CP] Check Pods Manifest.lock */,
				29C182581EBF364100A00868 /* Sources */,
				29C182591EBF364100A00868 /* Frameworks */,
				29C1825A1EBF364100A00868 /* Resources */,
				703A4924616F9D991012A3D2 /* [CP] Embed Pods Frameworks */,
				57CB7D53F1958CA877322280 /* [CP] Copy Pods Resources */,
			);
			buildRules = (
			);
			dependencies = (
			);
			name = Facebook_Login_Showcase;
			productName = Facebook_Login_Showcase;
			productReference = 29C1825C1EBF364100A00868 /* Facebook_Login_Showcase.app */;
			productType = "com.apple.product-type.application";
		};
		29C1826F1EBF364100A00868 /* Facebook_Login_ShowcaseTests */ = {
			isa = PBXNativeTarget;
			buildConfigurationList = 29C182871EBF364100A00868 /* Build configuration list for PBXNativeTarget "Facebook_Login_ShowcaseTests" */;
			buildPhases = (
				136F2CD229941053273DA83D /* [CP] Check Pods Manifest.lock */,
				29C1826C1EBF364100A00868 /* Sources */,
				29C1826D1EBF364100A00868 /* Frameworks */,
				29C1826E1EBF364100A00868 /* Resources */,
				A35C6A84BCD39E0775A6BCBC /* [CP] Embed Pods Frameworks */,
				0D9620AC613F00D0AE58576C /* [CP] Copy Pods Resources */,
			);
			buildRules = (
			);
			dependencies = (
				29C182721EBF364100A00868 /* PBXTargetDependency */,
			);
			name = Facebook_Login_ShowcaseTests;
			productName = Facebook_Login_ShowcaseTests;
			productReference = 29C182701EBF364100A00868 /* Facebook_Login_ShowcaseTests.xctest */;
			productType = "com.apple.product-type.bundle.unit-test";
		};
		29C1827A1EBF364100A00868 /* Facebook_Login_ShowcaseUITests */ = {
			isa = PBXNativeTarget;
			buildConfigurationList = 29C1828A1EBF364100A00868 /* Build configuration list for PBXNativeTarget "Facebook_Login_ShowcaseUITests" */;
			buildPhases = (
				95080D3659B0D51689756E4C /* [CP] Check Pods Manifest.lock */,
				29C182771EBF364100A00868 /* Sources */,
				29C182781EBF364100A00868 /* Frameworks */,
				29C182791EBF364100A00868 /* Resources */,
				E90CF485D212158DD75C1F67 /* [CP] Embed Pods Frameworks */,
				DDF879EC65389346F4538DAA /* [CP] Copy Pods Resources */,
			);
			buildRules = (
			);
			dependencies = (
				29C1827D1EBF364100A00868 /* PBXTargetDependency */,
			);
			name = Facebook_Login_ShowcaseUITests;
			productName = Facebook_Login_ShowcaseUITests;
			productReference = 29C1827B1EBF364100A00868 /* Facebook_Login_ShowcaseUITests.xctest */;
			productType = "com.apple.product-type.bundle.ui-testing";
		};
/* End PBXNativeTarget section */

/* Begin PBXProject section */
		29C182541EBF364100A00868 /* Project object */ = {
			isa = PBXProject;
			attributes = {
				LastSwiftUpdateCheck = 0810;
				LastUpgradeCheck = 0810;
				ORGANIZATIONNAME = "Cuthbert Leathart";
				TargetAttributes = {
					29C1825B1EBF364100A00868 = {
						CreatedOnToolsVersion = 8.1;
						ProvisioningStyle = Automatic;
					};
					29C1826F1EBF364100A00868 = {
						CreatedOnToolsVersion = 8.1;
						ProvisioningStyle = Automatic;
						TestTargetID = 29C1825B1EBF364100A00868;
					};
					29C1827A1EBF364100A00868 = {
						CreatedOnToolsVersion = 8.1;
						ProvisioningStyle = Automatic;
						TestTargetID = 29C1825B1EBF364100A00868;
					};
				};
			};
			buildConfigurationList = 29C182571EBF364100A00868 /* Build configuration list for PBXProject "Facebook_Login_Showcase" */;
			compatibilityVersion = "Xcode 3.2";
			developmentRegion = English;
			hasScannedForEncodings = 0;
			knownRegions = (
				en,
				Base,
			);
			mainGroup = 29C182531EBF364100A00868;
			productRefGroup = 29C1825D1EBF364100A00868 /* Products */;
			projectDirPath = "";
			projectRoot = "";
			targets = (
				29C1825B1EBF364100A00868 /* Facebook_Login_Showcase */,
				29C1826F1EBF364100A00868 /* Facebook_Login_ShowcaseTests */,
				29C1827A1EBF364100A00868 /* Facebook_Login_ShowcaseUITests */,
			);
		};
/* End PBXProject section */

/* Begin PBXResourcesBuildPhase section */
		29C1825A1EBF364100A00868 /* Resources */ = {
			isa = PBXResourcesBuildPhase;
			buildActionMask = 2147483647;
			files = (
				29C1826A1EBF364100A00868 /* LaunchScreen.storyboard in Resources */,
				29C1828E1EBF37D600A00868 /* GoogleService-Info.plist in Resources */,
				29C182671EBF364100A00868 /* Assets.xcassets in Resources */,
				29C182651EBF364100A00868 /* Main.storyboard in Resources */,
			);
			runOnlyForDeploymentPostprocessing = 0;
		};
		29C1826E1EBF364100A00868 /* Resources */ = {
			isa = PBXResourcesBuildPhase;
			buildActionMask = 2147483647;
			files = (
			);
			runOnlyForDeploymentPostprocessing = 0;
		};
		29C182791EBF364100A00868 /* Resources */ = {
			isa = PBXResourcesBuildPhase;
			buildActionMask = 2147483647;
			files = (
			);
			runOnlyForDeploymentPostprocessing = 0;
		};
/* End PBXResourcesBuildPhase section */

/* Begin PBXShellScriptBuildPhase section */
		0D9620AC613F00D0AE58576C /* [CP] Copy Pods Resources */ = {
			isa = PBXShellScriptBuildPhase;
			buildActionMask = 2147483647;
			files = (
			);
			inputPaths = (
			);
			name = "[CP] Copy Pods Resources";
			outputPaths = (
			);
			runOnlyForDeploymentPostprocessing = 0;
			shellPath = /bin/sh;
			shellScript = "\"${SRCROOT}/Pods/Target Support Files/Pods-Facebook_Login_ShowcaseTests/Pods-Facebook_Login_ShowcaseTests-resources.sh\"\n";
			showEnvVarsInLog = 0;
		};
		136F2CD229941053273DA83D /* [CP] Check Pods Manifest.lock */ = {
			isa = PBXShellScriptBuildPhase;
			buildActionMask = 2147483647;
			files = (
			);
			inputPaths = (
			);
			name = "[CP] Check Pods Manifest.lock";
			outputPaths = (
			);
			runOnlyForDeploymentPostprocessing = 0;
			shellPath = /bin/sh;
			shellScript = "diff \"${PODS_ROOT}/../Podfile.lock\" \"${PODS_ROOT}/Manifest.lock\" > /dev/null\nif [ $? != 0 ] ; then\n    # print error to STDERR\n    echo \"error: The sandbox is not in sync with the Podfile.lock. Run 'pod install' or update your CocoaPods installation.\" >&2\n    exit 1\nfi\n";
			showEnvVarsInLog = 0;
		};
		57CB7D53F1958CA877322280 /* [CP] Copy Pods Resources */ = {
			isa = PBXShellScriptBuildPhase;
			buildActionMask = 2147483647;
			files = (
			);
			inputPaths = (
			);
			name = "[CP] Copy Pods Resources";
			outputPaths = (
			);
			runOnlyForDeploymentPostprocessing = 0;
			shellPath = /bin/sh;
			shellScript = "\"${SRCROOT}/Pods/Target Support Files/Pods-Facebook_Login_Showcase/Pods-Facebook_Login_Showcase-resources.sh\"\n";
			showEnvVarsInLog = 0;
		};
		5DF0DC547B52FF3E2FC1B708 /* [CP] Check Pods Manifest.lock */ = {
			isa = PBXShellScriptBuildPhase;
			buildActionMask = 2147483647;
			files = (
			);
			inputPaths = (
			);
			name = "[CP] Check Pods Manifest.lock";
			outputPaths = (
			);
			runOnlyForDeploymentPostprocessing = 0;
			shellPath = /bin/sh;
			shellScript = "diff \"${PODS_ROOT}/../Podfile.lock\" \"${PODS_ROOT}/Manifest.lock\" > /dev/null\nif [ $? != 0 ] ; then\n    # print error to STDERR\n    echo \"error: The sandbox is not in sync with the Podfile.lock. Run 'pod install' or update your CocoaPods installation.\" >&2\n    exit 1\nfi\n";
			showEnvVarsInLog = 0;
		};
		703A4924616F9D991012A3D2 /* [CP] Embed Pods Frameworks */ = {
			isa = PBXShellScriptBuildPhase;
			buildActionMask = 2147483647;
			files = (
			);
			inputPaths = (
			);
			name = "[CP] Embed Pods Frameworks";
			outputPaths = (
			);
			runOnlyForDeploymentPostprocessing = 0;
			shellPath = /bin/sh;
			shellScript = "\"${SRCROOT}/Pods/Target Support Files/Pods-Facebook_Login_Showcase/Pods-Facebook_Login_Showcase-frameworks.sh\"\n";
			showEnvVarsInLog = 0;
		};
		95080D3659B0D51689756E4C /* [CP] Check Pods Manifest.lock */ = {
			isa = PBXShellScriptBuildPhase;
			buildActionMask = 2147483647;
			files = (
			);
			inputPaths = (
			);
			name = "[CP] Check Pods Manifest.lock";
			outputPaths = (
			);
			runOnlyForDeploymentPostprocessing = 0;
			shellPath = /bin/sh;
			shellScript = "diff \"${PODS_ROOT}/../Podfile.lock\" \"${PODS_ROOT}/Manifest.lock\" > /dev/null\nif [ $? != 0 ] ; then\n    # print error to STDERR\n    echo \"error: The sandbox is not in sync with the Podfile.lock. Run 'pod install' or update your CocoaPods installation.\" >&2\n    exit 1\nfi\n";
			showEnvVarsInLog = 0;
		};
		A35C6A84BCD39E0775A6BCBC /* [CP] Embed Pods Frameworks */ = {
			isa = PBXShellScriptBuildPhase;
			buildActionMask = 2147483647;
			files = (
			);
			inputPaths = (
			);
			name = "[CP] Embed Pods Frameworks";
			outputPaths = (
			);
			runOnlyForDeploymentPostprocessing = 0;
			shellPath = /bin/sh;
			shellScript = "\"${SRCROOT}/Pods/Target Support Files/Pods-Facebook_Login_ShowcaseTests/Pods-Facebook_Login_ShowcaseTests-frameworks.sh\"\n";
			showEnvVarsInLog = 0;
		};
		DDF879EC65389346F4538DAA /* [CP] Copy Pods Resources */ = {
			isa = PBXShellScriptBuildPhase;
			buildActionMask = 2147483647;
			files = (
			);
			inputPaths = (
			);
			name = "[CP] Copy Pods Resources";
			outputPaths = (
			);
			runOnlyForDeploymentPostprocessing = 0;
			shellPath = /bin/sh;
			shellScript = "\"${SRCROOT}/Pods/Target Support Files/Pods-Facebook_Login_ShowcaseUITests/Pods-Facebook_Login_ShowcaseUITests-resources.sh\"\n";
			showEnvVarsInLog = 0;
		};
		E90CF485D212158DD75C1F67 /* [CP] Embed Pods Frameworks */ = {
			isa = PBXShellScriptBuildPhase;
			buildActionMask = 2147483647;
			files = (
			);
			inputPaths = (
			);
			name = "[CP] Embed Pods Frameworks";
			outputPaths = (
			);
			runOnlyForDeploymentPostprocessing = 0;
			shellPath = /bin/sh;
			shellScript = "\"${SRCROOT}/Pods/Target Support Files/Pods-Facebook_Login_ShowcaseUITests/Pods-Facebook_Login_ShowcaseUITests-frameworks.sh\"\n";
			showEnvVarsInLog = 0;
		};
/* End PBXShellScriptBuildPhase section */

/* Begin PBXSourcesBuildPhase section */
		29C182581EBF364100A00868 /* Sources */ = {
			isa = PBXSourcesBuildPhase;
			buildActionMask = 2147483647;
			files = (
				29C182621EBF364100A00868 /* ViewController.swift in Sources */,
				29C182601EBF364100A00868 /* AppDelegate.swift in Sources */,
			);
			runOnlyForDeploymentPostprocessing = 0;
		};
		29C1826C1EBF364100A00868 /* Sources */ = {
			isa = PBXSourcesBuildPhase;
			buildActionMask = 2147483647;
			files = (
				29C182751EBF364100A00868 /* Facebook_Login_ShowcaseTests.swift in Sources */,
			);
			runOnlyForDeploymentPostprocessing = 0;
		};
		29C182771EBF364100A00868 /* Sources */ = {
			isa = PBXSourcesBuildPhase;
			buildActionMask = 2147483647;
			files = (
				29C182801EBF364100A00868 /* Facebook_Login_ShowcaseUITests.swift in Sources */,
			);
			runOnlyForDeploymentPostprocessing = 0;
		};
/* End PBXSourcesBuildPhase section */

/* Begin PBXTargetDependency section */
		29C182721EBF364100A00868 /* PBXTargetDependency */ = {
			isa = PBXTargetDependency;
			target = 29C1825B1EBF364100A00868 /* Facebook_Login_Showcase */;
			targetProxy = 29C182711EBF364100A00868 /* PBXContainerItemProxy */;
		};
		29C1827D1EBF364100A00868 /* PBXTargetDependency */ = {
			isa = PBXTargetDependency;
			target = 29C1825B1EBF364100A00868 /* Facebook_Login_Showcase */;
			targetProxy = 29C1827C1EBF364100A00868 /* PBXContainerItemProxy */;
		};
/* End PBXTargetDependency section */

/* Begin PBXVariantGroup section */
		29C182631EBF364100A00868 /* Main.storyboard */ = {
			isa = PBXVariantGroup;
			children = (
				29C182641EBF364100A00868 /* Base */,
			);
			name = Main.storyboard;
			sourceTree = "<group>";
		};
		29C182681EBF364100A00868 /* LaunchScreen.storyboard */ = {
			isa = PBXVariantGroup;
			children = (
				29C182691EBF364100A00868 /* Base */,
			);
			name = LaunchScreen.storyboard;
			sourceTree = "<group>";
		};
/* End PBXVariantGroup section */

/* Begin XCBuildConfiguration section */
		29C182821EBF364100A00868 /* Debug */ = {
			isa = XCBuildConfiguration;
			buildSettings = {
				ALWAYS_SEARCH_USER_PATHS = NO;
				CLANG_ANALYZER_NONNULL = YES;
				CLANG_CXX_LANGUAGE_STANDARD = "gnu++0x";
				CLANG_CXX_LIBRARY = "libc++";
				CLANG_ENABLE_MODULES = YES;
				CLANG_ENABLE_OBJC_ARC = YES;
				CLANG_WARN_BOOL_CONVERSION = YES;
				CLANG_WARN_CONSTANT_CONVERSION = YES;
				CLANG_WARN_DIRECT_OBJC_ISA_USAGE = YES_ERROR;
				CLANG_WARN_DOCUMENTATION_COMMENTS = YES;
				CLANG_WARN_EMPTY_BODY = YES;
				CLANG_WARN_ENUM_CONVERSION = YES;
				CLANG_WARN_INFINITE_RECURSION = YES;
				CLANG_WARN_INT_CONVERSION = YES;
				CLANG_WARN_OBJC_ROOT_CLASS = YES_ERROR;
				CLANG_WARN_SUSPICIOUS_MOVES = YES;
				CLANG_WARN_UNREACHABLE_CODE = YES;
				CLANG_WARN__DUPLICATE_METHOD_MATCH = YES;
				"CODE_SIGN_IDENTITY[sdk=iphoneos*]" = "iPhone Developer";
				COPY_PHASE_STRIP = NO;
				DEBUG_INFORMATION_FORMAT = dwarf;
				ENABLE_STRICT_OBJC_MSGSEND = YES;
				ENABLE_TESTABILITY = YES;
				GCC_C_LANGUAGE_STANDARD = gnu99;
				GCC_DYNAMIC_NO_PIC = NO;
				GCC_NO_COMMON_BLOCKS = YES;
				GCC_OPTIMIZATION_LEVEL = 0;
				GCC_PREPROCESSOR_DEFINITIONS = (
					"DEBUG=1",
					"$(inherited)",
				);
				GCC_WARN_64_TO_32_BIT_CONVERSION = YES;
				GCC_WARN_ABOUT_RETURN_TYPE = YES_ERROR;
				GCC_WARN_UNDECLARED_SELECTOR = YES;
				GCC_WARN_UNINITIALIZED_AUTOS = YES_AGGRESSIVE;
				GCC_WARN_UNUSED_FUNCTION = YES;
				GCC_WARN_UNUSED_VARIABLE = YES;
				IPHONEOS_DEPLOYMENT_TARGET = 10.1;
				MTL_ENABLE_DEBUG_INFO = YES;
				ONLY_ACTIVE_ARCH = YES;
				SDKROOT = iphoneos;
				SWIFT_ACTIVE_COMPILATION_CONDITIONS = DEBUG;
				SWIFT_OPTIMIZATION_LEVEL = "-Onone";
				TARGETED_DEVICE_FAMILY = "1,2";
			};
			name = Debug;
		};
		29C182831EBF364100A00868 /* Release */ = {
			isa = XCBuildConfiguration;
			buildSettings = {
				ALWAYS_SEARCH_USER_PATHS = NO;
				CLANG_ANALYZER_NONNULL = YES;
				CLANG_CXX_LANGUAGE_STANDARD = "gnu++0x";
				CLANG_CXX_LIBRARY = "libc++";
				CLANG_ENABLE_MODULES = YES;
				CLANG_ENABLE_OBJC_ARC = YES;
				CLANG_WARN_BOOL_CONVERSION = YES;
				CLANG_WARN_CONSTANT_CONVERSION = YES;
				CLANG_WARN_DIRECT_OBJC_ISA_USAGE = YES_ERROR;
				CLANG_WARN_DOCUMENTATION_COMMENTS = YES;
				CLANG_WARN_EMPTY_BODY = YES;
				CLANG_WARN_ENUM_CONVERSION = YES;
				CLANG_WARN_INFINITE_RECURSION = YES;
				CLANG_WARN_INT_CONVERSION = YES;
				CLANG_WARN_OBJC_ROOT_CLASS = YES_ERROR;
				CLANG_WARN_SUSPICIOUS_MOVES = YES;
				CLANG_WARN_UNREACHABLE_CODE = YES;
				CLANG_WARN__DUPLICATE_METHOD_MATCH = YES;
				"CODE_SIGN_IDENTITY[sdk=iphoneos*]" = "iPhone Developer";
				COPY_PHASE_STRIP = NO;
				DEBUG_INFORMATION_FORMAT = "dwarf-with-dsym";
				ENABLE_NS_ASSERTIONS = NO;
				ENABLE_STRICT_OBJC_MSGSEND = YES;
				GCC_C_LANGUAGE_STANDARD = gnu99;
				GCC_NO_COMMON_BLOCKS = YES;
				GCC_WARN_64_TO_32_BIT_CONVERSION = YES;
				GCC_WARN_ABOUT_RETURN_TYPE = YES_ERROR;
				GCC_WARN_UNDECLARED_SELECTOR = YES;
				GCC_WARN_UNINITIALIZED_AUTOS = YES_AGGRESSIVE;
				GCC_WARN_UNUSED_FUNCTION = YES;
				GCC_WARN_UNUSED_VARIABLE = YES;
				IPHONEOS_DEPLOYMENT_TARGET = 10.1;
				MTL_ENABLE_DEBUG_INFO = NO;
				SDKROOT = iphoneos;
				SWIFT_OPTIMIZATION_LEVEL = "-Owholemodule";
				TARGETED_DEVICE_FAMILY = "1,2";
				VALIDATE_PRODUCT = YES;
			};
			name = Release;
		};
		29C182851EBF364100A00868 /* Debug */ = {
			isa = XCBuildConfiguration;
			baseConfigurationReference = B72592E57FB4B0A90281ED2E /* Pods-Facebook_Login_Showcase.debug.xcconfig */;
			buildSettings = {
				ASSETCATALOG_COMPILER_APPICON_NAME = AppIcon;
				FRAMEWORK_SEARCH_PATHS = (
					"$(inherited)",
					"\"$PODS_CONFIGURATION_BUILD_DIR/GTMSessionFetcher\"",
					"\"$PODS_CONFIGURATION_BUILD_DIR/GoogleToolboxForMac\"",
					"\"${PODS_ROOT}/FirebaseAnalytics/Frameworks\"",
					"\"${PODS_ROOT}/FirebaseAuth/Frameworks\"",
					"\"${PODS_ROOT}/FirebaseCore/Frameworks\"",
					/Users/cl15341/Documents/FacebookSDK,
					"\"${PODS_ROOT}/FirebaseInstanceID/Frameworks\"",
				);
				INFOPLIST_FILE = Facebook_Login_Showcase/Info.plist;
				LD_RUNPATH_SEARCH_PATHS = "$(inherited) @executable_path/Frameworks";
				PRODUCT_BUNDLE_IDENTIFIER = "com.cuthbertLeathart.Facebook-Login-Showcase";
				PRODUCT_NAME = "$(TARGET_NAME)";
				SWIFT_VERSION = 3.0;
			};
			name = Debug;
		};
		29C182861EBF364100A00868 /* Release */ = {
			isa = XCBuildConfiguration;
			baseConfigurationReference = 8258D524001CED9451E5565D /* Pods-Facebook_Login_Showcase.release.xcconfig */;
			buildSettings = {
				ASSETCATALOG_COMPILER_APPICON_NAME = AppIcon;
				FRAMEWORK_SEARCH_PATHS = (
					"$(inherited)",
					"\"$PODS_CONFIGURATION_BUILD_DIR/GTMSessionFetcher\"",
					"\"$PODS_CONFIGURATION_BUILD_DIR/GoogleToolboxForMac\"",
					"\"${PODS_ROOT}/FirebaseAnalytics/Frameworks\"",
					"\"${PODS_ROOT}/FirebaseAuth/Frameworks\"",
					"\"${PODS_ROOT}/FirebaseCore/Frameworks\"",
					/Users/cl15341/Documents/FacebookSDK,
					"\"${PODS_ROOT}/FirebaseInstanceID/Frameworks\"",
				);
				INFOPLIST_FILE = Facebook_Login_Showcase/Info.plist;
				LD_RUNPATH_SEARCH_PATHS = "$(inherited) @executable_path/Frameworks";
				PRODUCT_BUNDLE_IDENTIFIER = "com.cuthbertLeathart.Facebook-Login-Showcase";
				PRODUCT_NAME = "$(TARGET_NAME)";
				SWIFT_VERSION = 3.0;
			};
			name = Release;
		};
		29C182881EBF364100A00868 /* Debug */ = {
			isa = XCBuildConfiguration;
			baseConfigurationReference = E595F6602EC1DA48A3707387 /* Pods-Facebook_Login_ShowcaseTests.debug.xcconfig */;
			buildSettings = {
				ALWAYS_EMBED_SWIFT_STANDARD_LIBRARIES = YES;
				BUNDLE_LOADER = "$(TEST_HOST)";
				INFOPLIST_FILE = Facebook_Login_ShowcaseTests/Info.plist;
				LD_RUNPATH_SEARCH_PATHS = "$(inherited) @executable_path/Frameworks @loader_path/Frameworks";
				PRODUCT_BUNDLE_IDENTIFIER = "com.cuthbertLeathart.Facebook-Login-ShowcaseTests";
				PRODUCT_NAME = "$(TARGET_NAME)";
				SWIFT_VERSION = 3.0;
				TEST_HOST = "$(BUILT_PRODUCTS_DIR)/Facebook_Login_Showcase.app/Facebook_Login_Showcase";
			};
			name = Debug;
		};
		29C182891EBF364100A00868 /* Release */ = {
			isa = XCBuildConfiguration;
			baseConfigurationReference = 096DF4A0E7A8C5252CF61ABF /* Pods-Facebook_Login_ShowcaseTests.release.xcconfig */;
			buildSettings = {
				ALWAYS_EMBED_SWIFT_STANDARD_LIBRARIES = YES;
				BUNDLE_LOADER = "$(TEST_HOST)";
				INFOPLIST_FILE = Facebook_Login_ShowcaseTests/Info.plist;
				LD_RUNPATH_SEARCH_PATHS = "$(inherited) @executable_path/Frameworks @loader_path/Frameworks";
				PRODUCT_BUNDLE_IDENTIFIER = "com.cuthbertLeathart.Facebook-Login-ShowcaseTests";
				PRODUCT_NAME = "$(TARGET_NAME)";
				SWIFT_VERSION = 3.0;
				TEST_HOST = "$(BUILT_PRODUCTS_DIR)/Facebook_Login_Showcase.app/Facebook_Login_Showcase";
			};
			name = Release;
		};
		29C1828B1EBF364100A00868 /* Debug */ = {
			isa = XCBuildConfiguration;
			baseConfigurationReference = 1FE6E63C0F8E94A3EAF5C94A /* Pods-Facebook_Login_ShowcaseUITests.debug.xcconfig */;
			buildSettings = {
				ALWAYS_EMBED_SWIFT_STANDARD_LIBRARIES = YES;
				INFOPLIST_FILE = Facebook_Login_ShowcaseUITests/Info.plist;
				LD_RUNPATH_SEARCH_PATHS = "$(inherited) @executable_path/Frameworks @loader_path/Frameworks";
				PRODUCT_BUNDLE_IDENTIFIER = "com.cuthbertLeathart.Facebook-Login-ShowcaseUITests";
				PRODUCT_NAME = "$(TARGET_NAME)";
				SWIFT_VERSION = 3.0;
				TEST_TARGET_NAME = Facebook_Login_Showcase;
			};
			name = Debug;
		};
		29C1828C1EBF364100A00868 /* Release */ = {
			isa = XCBuildConfiguration;
			baseConfigurationReference = 4770ACF188EA987F708CF949 /* Pods-Facebook_Login_ShowcaseUITests.release.xcconfig */;
			buildSettings = {
				ALWAYS_EMBED_SWIFT_STANDARD_LIBRARIES = YES;
				INFOPLIST_FILE = Facebook_Login_ShowcaseUITests/Info.plist;
				LD_RUNPATH_SEARCH_PATHS = "$(inherited) @executable_path/Frameworks @loader_path/Frameworks";
				PRODUCT_BUNDLE_IDENTIFIER = "com.cuthbertLeathart.Facebook-Login-ShowcaseUITests";
				PRODUCT_NAME = "$(TARGET_NAME)";
				SWIFT_VERSION = 3.0;
				TEST_TARGET_NAME = Facebook_Login_Showcase;
			};
			name = Release;
		};
/* End XCBuildConfiguration section */

/* Begin XCConfigurationList section */
		29C182571EBF364100A00868 /* Build configuration list for PBXProject "Facebook_Login_Showcase" */ = {
			isa = XCConfigurationList;
			buildConfigurations = (
				29C182821EBF364100A00868 /* Debug */,
				29C182831EBF364100A00868 /* Release */,
			);
			defaultConfigurationIsVisible = 0;
			defaultConfigurationName = Release;
		};
		29C182841EBF364100A00868 /* Build configuration list for PBXNativeTarget "Facebook_Login_Showcase" */ = {
			isa = XCConfigurationList;
			buildConfigurations = (
				29C182851EBF364100A00868 /* Debug */,
				29C182861EBF364100A00868 /* Release */,
			);
			defaultConfigurationIsVisible = 0;
			defaultConfigurationName = Release;
		};
		29C182871EBF364100A00868 /* Build configuration list for PBXNativeTarget "Facebook_Login_ShowcaseTests" */ = {
			isa = XCConfigurationList;
			buildConfigurations = (
				29C182881EBF364100A00868 /* Debug */,
				29C182891EBF364100A00868 /* Release */,
			);
			defaultConfigurationIsVisible = 0;
			defaultConfigurationName = Release;
		};
		29C1828A1EBF364100A00868 /* Build configuration list for PBXNativeTarget "Facebook_Login_ShowcaseUITests" */ = {
			isa = XCConfigurationList;
			buildConfigurations = (
				29C1828B1EBF364100A00868 /* Debug */,
				29C1828C1EBF364100A00868 /* Release */,
			);
			defaultConfigurationIsVisible = 0;
			defaultConfigurationName = Release;
		};
/* End XCConfigurationList section */
	};
	rootObject = 29C182541EBF364100A00868 /* Project object */;
}
